
Microsoft Visual Studio Solution File, Format Version 12.00
# Visual Studio Version 16
VisualStudioVersion = 16.0.31515.178
MinimumVisualStudioVersion = 10.0.40219.1
Project("{FAE04EC0-301F-11D3-BF4B-00C04F79EFBC}") = "Consulta_Linq", "Consulta_Linq\Consulta_Linq.csproj", "{F3FEBC3E-25D9-479A-97AB-C4CD9109943A}"
EndProject
Global
	GlobalSection(SolutionConfigurationPlatforms) = preSolution
		Debug|Any CPU = Debug|Any CPU
		Release|Any CPU = Release|Any CPU
	EndGlobalSection
	GlobalSection(ProjectConfigurationPlatforms) = postSolution
		{F3FEBC3E-25D9-479A-97AB-C4CD9109943A}.Debug|Any CPU.ActiveCfg = Debug|Any CPU
		{F3FEBC3E-25D9-479A-97AB-C4CD9109943A}.Debug|Any CPU.Build.0 = Debug|Any CPU
		{F3FEBC3E-25D9-479A-97AB-C4CD9109943A}.Release|Any CPU.ActiveCfg = Release|Any CPU
		{F3FEBC3E-25D9-479A-97AB-C4CD9109943A}.Release|Any CPU.Build.0 = Release|Any CPU
	EndGlobalSection
	GlobalSection(SolutionProperties) = preSolution
		HideSolutionNode = FALSE
	EndGlobalSection
	GlobalSection(ExtensibilityGlobals) = postSolution
		SolutionGuid = {9FACB1E0-4A3D-44D0-8049-177D2A492494}
	EndGlobalSection
EndGlobal
